
Microsoft Visual Studio Solution File, Format Version 12.00
# Visual Studio Version 17
VisualStudioVersion = 17.13.35825.156
MinimumVisualStudioVersion = 10.0.40219.1
Project("{FAE04EC0-301F-11D3-BF4B-00C04F79EFBC}") = "ABCRetailers", "ABCRetailers.csproj", "{DD749711-BF78-4B44-81B4-A28B43D184E0}"
EndProject
Global
	GlobalSection(SolutionConfigurationPlatforms) = preSolution
		Debug|Any CPU = Debug|Any CPU
		Release|Any CPU = Release|Any CPU
	EndGlobalSection
	GlobalSection(ProjectConfigurationPlatforms) = postSolution
		{DD749711-BF78-4B44-81B4-A28B43D184E0}.Debug|Any CPU.ActiveCfg = Debug|Any CPU
		{DD749711-BF78-4B44-81B4-A28B43D184E0}.Debug|Any CPU.Build.0 = Debug|Any CPU
		{DD749711-BF78-4B44-81B4-A28B43D184E0}.Release|Any CPU.ActiveCfg = Release|Any CPU
		{DD749711-BF78-4B44-81B4-A28B43D184E0}.Release|Any CPU.Build.0 = Release|Any CPU
	EndGlobalSection
	GlobalSection(SolutionProperties) = preSolution
		HideSolutionNode = FALSE
	EndGlobalSection
	GlobalSection(ExtensibilityGlobals) = postSolution
		SolutionGuid = {F95FDC7D-8D49-4BAF-A94E-DE8316CB5D6E}
	EndGlobalSection
EndGlobal
